{
  "nodes": {
    "binja": {
      "inputs": {
        "nixpkgs": [
          "nixpkgs"
        ],
        "utils": "utils"
      },
      "locked": {
        "narHash": "sha256-YzLL2zVlA+EEWmnlb3/YhavwFtUm7HA48U+57OFPQTI=",
        "path": "/home/tny/re",
        "type": "path"
      },
      "original": {
        "path": "/home/tny/re",
        "type": "path"
      }
    },
    "cachix": {
      "flake": false,
      "locked": {
        "lastModified": 1625560633,
        "narHash": "sha256-Uhg950dgJiytcaecOJ3KB2MWDOdtUEogVyon9m6J/3g=",
        "owner": "jonascarpay",
        "repo": "declarative-cachix",
        "rev": "1986455ab3e55804458bf6e7d2a5f5b8a68defce",
        "type": "github"
      },
      "original": {
        "owner": "jonascarpay",
        "repo": "declarative-cachix",
        "type": "github"
      }
    },
    "darwin": {
      "inputs": {
        "nixpkgs": [
          "nixpkgs"
        ]
      },
      "locked": {
        "lastModified": 1631730143,
        "narHash": "sha256-A8PaUyZu5WVp+IojG5q+39rjf5x57OFDYmVoDFPZLlY=",
        "owner": "lnl7",
        "repo": "nix-darwin",
        "rev": "e1a3f7292f085fd588d11f94ed0f47968c16df0c",
        "type": "github"
      },
      "original": {
        "owner": "lnl7",
        "ref": "master",
        "repo": "nix-darwin",
        "type": "github"
      }
    },
    "deploy-rs": {
      "inputs": {
        "flake-compat": "flake-compat",
        "nixpkgs": [
          "nixpkgs"
        ],
        "utils": "utils_2"
      },
      "locked": {
        "lastModified": 1632390138,
        "narHash": "sha256-RTUr/3vYgxwCLUiIVk9mqbqK6DWrJjQjF9s+3snzvuk=",
        "owner": "serokell",
        "repo": "deploy-rs",
        "rev": "bd91450cc1ccbe290ff161b748b770c0472b683a",
        "type": "github"
      },
      "original": {
        "owner": "serokell",
        "repo": "deploy-rs",
        "type": "github"
      }
    },
    "emacs": {
      "locked": {
        "lastModified": 1632620532,
        "narHash": "sha256-z1l20ec5IAzDQYNr6yiNy13mXkxKkqeQkETR37qijOA=",
        "owner": "nix-community",
        "repo": "emacs-overlay",
        "rev": "30d84ab85192f19beaa7a9af4640d8f4a2e74da5",
        "type": "github"
      },
      "original": {
        "owner": "nix-community",
        "repo": "emacs-overlay",
        "type": "github"
      }
    },
    "fenix": {
      "inputs": {
        "nixpkgs": [
          "nixpkgs"
        ],
        "rust-analyzer-src": "rust-analyzer-src"
      },
      "locked": {
        "lastModified": 1630013912,
        "narHash": "sha256-/FQrZpqZQCt73Nf6KygAAE1FqHwLAHXgMkeWoMcKOjo=",
        "owner": "nix-community",
        "repo": "fenix",
        "rev": "c6eba37e469ed12c12eff8850831cb5784c385b9",
        "type": "github"
      },
      "original": {
        "owner": "nix-community",
        "repo": "fenix",
        "rev": "c6eba37e469ed12c12eff8850831cb5784c385b9",
        "type": "github"
      }
    },
    "fishcgi": {
      "inputs": {
        "nixpkgs": "nixpkgs"
      },
      "locked": {
        "narHash": "sha256-7FYVqu8HuucEGZQuDhKY04ZcGZ4UkG2u8kjLR7aIRBg=",
        "path": "/home/tny/dev/fish-cgi",
        "type": "path"
      },
      "original": {
        "path": "/home/tny/dev/fish-cgi",
        "type": "path"
      }
    },
    "flake-compat": {
      "flake": false,
      "locked": {
        "lastModified": 1627913399,
        "narHash": "sha256-hY8g6H2KFL8ownSiFeMOjwPC8P0ueXpCVEbxgda3pko=",
        "owner": "edolstra",
        "repo": "flake-compat",
        "rev": "12c64ca55c1014cdc1b16ed5a804aa8576601ff2",
        "type": "github"
      },
      "original": {
        "owner": "edolstra",
        "repo": "flake-compat",
        "type": "github"
      }
    },
    "flake-utils": {
      "locked": {
        "lastModified": 1631561581,
        "narHash": "sha256-3VQMV5zvxaVLvqqUrNz3iJelLw30mIVSfZmAaauM3dA=",
        "owner": "numtide",
        "repo": "flake-utils",
        "rev": "7e5bf3925f6fbdfaf50a2a7ca0be2879c4261d19",
        "type": "github"
      },
      "original": {
        "owner": "numtide",
        "repo": "flake-utils",
        "type": "github"
      }
    },
    "flake-utils_2": {
      "locked": {
        "lastModified": 1629481132,
        "narHash": "sha256-JHgasjPR0/J1J3DRm4KxM4zTyAj4IOJY8vIl75v/kPI=",
        "owner": "numtide",
        "repo": "flake-utils",
        "rev": "997f7efcb746a9c140ce1f13c72263189225f482",
        "type": "github"
      },
      "original": {
        "owner": "numtide",
        "repo": "flake-utils",
        "type": "github"
      }
    },
    "home-manager": {
      "inputs": {
        "nixpkgs": [
          "nixpkgs"
        ]
      },
      "locked": {
        "lastModified": 1632431340,
        "narHash": "sha256-9xUnx5aeDp8Irg2/rWBKn3AjiiQTtsjTX0UshzMXy94=",
        "owner": "nix-community",
        "repo": "home-manager",
        "rev": "b0651cc2173427857b172604f85da6afe69e1d41",
        "type": "github"
      },
      "original": {
        "owner": "nix-community",
        "ref": "master",
        "repo": "home-manager",
        "type": "github"
      }
    },
    "mhctf": {
      "inputs": {
        "nixpkgs": [
          "nixpkgs"
        ]
      },
      "locked": {
        "narHash": "sha256-rACS/99Gaj/2hIcU9XPy04ySd6OGuDRYwamkqnKgQaA=",
        "path": "/home/tny/dev/logo",
        "type": "path"
      },
      "original": {
        "path": "/home/tny/dev/logo",
        "type": "path"
      }
    },
    "naersk": {
      "inputs": {
        "nixpkgs": "nixpkgs_2"
      },
      "locked": {
        "lastModified": 1632266297,
        "narHash": "sha256-J1yeJk6Gud9ef2pEf6aKQemrfg1pVngYDSh+SAY94xk=",
        "owner": "nix-community",
        "repo": "naersk",
        "rev": "ee7edec50b49ab6d69b06d62f1de554efccb1ccd",
        "type": "github"
      },
      "original": {
        "owner": "nix-community",
        "repo": "naersk",
        "type": "github"
      }
    },
    "naersk_2": {
      "inputs": {
        "nixpkgs": [
          "nixpkgs-format",
          "nixpkgs"
        ]
      },
      "locked": {
        "lastModified": 1631004250,
        "narHash": "sha256-LGh0CjAZwh13AVkTi9w9lITEC7x6bwSQyFViOZ6HyNo=",
        "owner": "nmattia",
        "repo": "naersk",
        "rev": "08afb3d1dbfe016108b72e05b02ba0f6ecb3c8e1",
        "type": "github"
      },
      "original": {
        "owner": "nmattia",
        "repo": "naersk",
        "type": "github"
      }
    },
    "nixpkgs": {
      "locked": {
        "lastModified": 1623084146,
        "narHash": "sha256-oWsOzM4PVW2fsMAKFzR/o0LQ4FqHNMeELjpU/ALda3Y=",
        "owner": "NixOS",
        "repo": "nixpkgs",
        "rev": "12e7af1cfb3ab5bbbbd1d213a0b17c11ce9d3f2f",
        "type": "github"
      },
      "original": {
        "id": "nixpkgs",
        "ref": "nixpkgs-unstable",
        "type": "indirect"
      }
    },
    "nixpkgs-format": {
      "inputs": {
        "fenix": [
          "fenix"
        ],
        "flake-utils": "flake-utils_2",
        "naersk": "naersk_2",
        "nixpkgs": [
          "nixpkgs"
        ]
      },
      "locked": {
        "lastModified": 1631557044,
        "narHash": "sha256-5VPeqRvNhRxTv07NSvxQSXvtuGnrjWmmwss0PGhFzTI=",
        "owner": "nix-community",
        "repo": "nixpkgs-fmt",
        "rev": "c7f66ec1b969ed118231fdf7f596c5ed2c2cfe49",
        "type": "github"
      },
      "original": {
        "owner": "nix-community",
        "repo": "nixpkgs-fmt",
        "type": "github"
      }
    },
    "nixpkgs_2": {
      "locked": {
        "lastModified": 1632146492,
        "narHash": "sha256-+5LSb1alIWujWwFUZ2Juv1U9owBidLDONsz/T7ydDIY=",
        "path": "/nix/store/ds4jmy7y3211axnfgl05vp04aw692yfi-source",
        "rev": "1a56d76d718afb6c47dd96602c915b6d23f7c45d",
        "type": "path"
      },
      "original": {
        "id": "nixpkgs",
        "type": "indirect"
      }
    },
    "rocm": {
      "inputs": {
        "nixpkgs": [
          "nixpkgs"
        ]
      },
      "locked": {
        "lastModified": 1630800478,
        "narHash": "sha256-dHaXN5bdf1RTK9YpYscflmdBqz2XV01Lit0xXRjLDkc=",
        "owner": "nixos-rocm",
        "repo": "nixos-rocm",
        "rev": "cb12dc5cf144469b39f47b6be2e162f3202b142f",
        "type": "github"
      },
      "original": {
        "owner": "nixos-rocm",
        "repo": "nixos-rocm",
        "type": "github"
      }
    },
    "root": {
      "inputs": {
        "binja": "binja",
        "cachix": "cachix",
        "darwin": "darwin",
        "deploy-rs": "deploy-rs",
        "emacs": "emacs",
        "fenix": "fenix",
        "fishcgi": "fishcgi",
        "flake-utils": "flake-utils",
        "home-manager": "home-manager",
        "mhctf": "mhctf",
        "naersk": "naersk",
        "nixpkgs": [
          "unstable"
        ],
        "nixpkgs-format": "nixpkgs-format",
        "rocm": "rocm",
        "sops-nix": "sops-nix",
        "speedy": "speedy",
        "unstable": "unstable"
      }
    },
    "rust-analyzer-src": {
      "flake": false,
      "locked": {
        "lastModified": 1629913257,
        "narHash": "sha256-n5fe4Y/fSVRqgD2N1cCTiL6pnh07eIe6cncJHSWRRHQ=",
        "owner": "rust-analyzer",
        "repo": "rust-analyzer",
        "rev": "cbbb7f351f1b6297f0da91ea12d323051e71380c",
        "type": "github"
      },
      "original": {
        "owner": "rust-analyzer",
        "ref": "nightly",
        "repo": "rust-analyzer",
        "type": "github"
      }
    },
    "sops-nix": {
      "inputs": {
        "nixpkgs": [
          "nixpkgs"
        ]
      },
      "locked": {
        "lastModified": 1624186328,
        "narHash": "sha256-F7IqV1x4QoDToHtQ45BSt2upMtJ671SMWA6DAZSArcM=",
        "owner": "knownunown",
        "repo": "sops-nix",
        "rev": "e38bee392a5d97e192a198ad5a0f765d7cf8b9b5",
        "type": "github"
      },
      "original": {
        "owner": "knownunown",
        "ref": "age-support",
        "repo": "sops-nix",
        "type": "github"
      }
    },
    "speedy": {
      "inputs": {
        "nixpkgs": [
          "nixpkgs"
        ]
      },
      "locked": {
        "narHash": "sha256-WCWnlQqeFNYTaB+r1Yz+QgYN1KXep0ZeyS7dAnsMXqE=",
        "path": "/home/tny/dev/speedy",
        "type": "path"
      },
      "original": {
        "path": "/home/tny/dev/speedy",
        "type": "path"
      }
    },
    "unstable": {
      "locked": {
        "lastModified": 1632146492,
        "narHash": "sha256-+5LSb1alIWujWwFUZ2Juv1U9owBidLDONsz/T7ydDIY=",
        "owner": "NixOS",
        "repo": "nixpkgs",
        "rev": "1a56d76d718afb6c47dd96602c915b6d23f7c45d",
        "type": "github"
      },
      "original": {
        "id": "nixpkgs",
        "ref": "nixpkgs-unstable",
        "type": "indirect"
      }
    },
    "utils": {
      "locked": {
        "lastModified": 1614513358,
        "narHash": "sha256-LakhOx3S1dRjnh0b5Dg3mbZyH0ToC9I8Y2wKSkBaTzU=",
        "owner": "numtide",
        "repo": "flake-utils",
        "rev": "5466c5bbece17adaab2d82fae80b46e807611bf3",
        "type": "github"
      },
      "original": {
        "owner": "numtide",
        "repo": "flake-utils",
        "type": "github"
      }
    },
    "utils_2": {
      "locked": {
        "lastModified": 1631561581,
        "narHash": "sha256-3VQMV5zvxaVLvqqUrNz3iJelLw30mIVSfZmAaauM3dA=",
        "owner": "numtide",
        "repo": "flake-utils",
        "rev": "7e5bf3925f6fbdfaf50a2a7ca0be2879c4261d19",
        "type": "github"
      },
      "original": {
        "owner": "numtide",
        "repo": "flake-utils",
        "type": "github"
      }
    }
  },
  "root": "root",
  "version": 7
}
