{
  "nodes": {
    "binja": {
      "inputs": {
        "nixpkgs": [
          "nixpkgs"
        ],
        "utils": "utils"
      },
      "locked": {
        "narHash": "sha256-WlxCejQbivTBIDHQwqDYCU2HirSOAq5kvGeLcFt8qm0=",
        "path": "/home/tny/re",
        "type": "path"
      },
      "original": {
        "path": "/home/tny/re",
        "type": "path"
      }
    },
    "cachix": {
      "flake": false,
      "locked": {
        "lastModified": 1615951304,
        "narHash": "sha256-elLyJBjFy6pnFy5u7t5vMUi+OzKiXtP4wOkOXBDaDrE=",
        "owner": "jonascarpay",
        "repo": "declarative-cachix",
        "rev": "f825463d3f33688bdc3fa3e4e90fff8831b221c3",
        "type": "github"
      },
      "original": {
        "owner": "jonascarpay",
        "repo": "declarative-cachix",
        "type": "github"
      }
    },
    "darwin": {
      "inputs": {
        "nixpkgs": [
          "nixpkgs"
        ]
      },
      "locked": {
        "lastModified": 1622060422,
        "narHash": "sha256-hPVlvrAyf6zL7tTx0lpK+tMxEfZeMiIZ/A2xaJ41WOY=",
        "owner": "lnl7",
        "repo": "nix-darwin",
        "rev": "007d700e644ac588ad6668e6439950a5b6e2ff64",
        "type": "github"
      },
      "original": {
        "owner": "lnl7",
        "ref": "master",
        "repo": "nix-darwin",
        "type": "github"
      }
    },
    "deploy-rs": {
      "inputs": {
        "flake-compat": "flake-compat",
        "naersk": "naersk",
        "nixpkgs": [
          "nixpkgs"
        ],
        "utils": "utils_2"
      },
      "locked": {
        "lastModified": 1623011836,
        "narHash": "sha256-02M4P3eqUdV+ouZb8n1KDR1CXeZQm17cKpjKZKi0c10=",
        "owner": "serokell",
        "repo": "deploy-rs",
        "rev": "70d71b3027b1793b780f1e2435bdbbe1b0cb9ac6",
        "type": "github"
      },
      "original": {
        "owner": "serokell",
        "repo": "deploy-rs",
        "type": "github"
      }
    },
    "emacs": {
      "locked": {
        "lastModified": 1623867986,
        "narHash": "sha256-20fWJX5Nc3SOKXJSXCIu5b3Arzh82tsoDTTLBWcpAOU=",
        "owner": "nix-community",
        "repo": "emacs-overlay",
        "rev": "8827230e69c6091270392c2585dd8662abf25710",
        "type": "github"
      },
      "original": {
        "owner": "nix-community",
        "repo": "emacs-overlay",
        "type": "github"
      }
    },
    "fishcgi": {
      "inputs": {
        "nixpkgs": "nixpkgs"
      },
      "locked": {
        "narHash": "sha256-yIn8uEVMBMawg0YxRQ+dQXBJfCvFN7M3a464+HeCX+M=",
        "path": "/home/tny/dev/fish-cgi",
        "type": "path"
      },
      "original": {
        "path": "/home/tny/dev/fish-cgi",
        "type": "path"
      }
    },
    "flake-compat": {
      "flake": false,
      "locked": {
        "lastModified": 1606424373,
        "narHash": "sha256-oq8d4//CJOrVj+EcOaSXvMebvuTkmBJuT5tzlfewUnQ=",
        "owner": "edolstra",
        "repo": "flake-compat",
        "rev": "99f1c2157fba4bfe6211a321fd0ee43199025dbf",
        "type": "github"
      },
      "original": {
        "owner": "edolstra",
        "repo": "flake-compat",
        "type": "github"
      }
    },
    "home-manager": {
      "inputs": {
        "nixpkgs": [
          "nixpkgs"
        ]
      },
      "locked": {
        "lastModified": 1623967045,
        "narHash": "sha256-D8tZULncqU2Drn4vmG1vgMdhnZ5ONV5aEuHIxaA/kyE=",
        "owner": "nix-community",
        "repo": "home-manager",
        "rev": "2f6d5c90f4497dc3cfc043c0fd1b77272ebaeeaa",
        "type": "github"
      },
      "original": {
        "owner": "nix-community",
        "ref": "master",
        "repo": "home-manager",
        "type": "github"
      }
    },
    "naersk": {
      "inputs": {
        "nixpkgs": [
          "nixpkgs"
        ]
      },
      "locked": {
        "lastModified": 1622810282,
        "narHash": "sha256-4wmvM3/xfD0hCdNDIXVzRMfL4yB1J+DjH6Zte2xbAxk=",
        "owner": "nmattia",
        "repo": "naersk",
        "rev": "e8061169e1495871b56be97c5c51d310fae01374",
        "type": "github"
      },
      "original": {
        "owner": "nmattia",
        "ref": "master",
        "repo": "naersk",
        "type": "github"
      }
    },
    "nixpkgs": {
      "locked": {
        "lastModified": 1620928277,
        "narHash": "sha256-O/1xZ3KmjPbR3X8hy0mlHUU0S27UTvLolcjoxnmIRyg=",
        "owner": "NixOS",
        "repo": "nixpkgs",
        "rev": "3eac120c3d228289f218c2db971849c39202e7f4",
        "type": "github"
      },
      "original": {
        "id": "nixpkgs",
        "ref": "nixpkgs-unstable",
        "type": "indirect"
      }
    },
    "rocm": {
      "flake": false,
      "locked": {
        "lastModified": 1617981916,
        "narHash": "sha256-jcJtZBpEbKyTH5nsVH4gJEWdBN7ViTHlEJ7zoN7qrPM=",
        "owner": "nixos-rocm",
        "repo": "nixos-rocm",
        "rev": "b5b9be0c0caa2e36e488850bfb0cdf7ede055b32",
        "type": "github"
      },
      "original": {
        "owner": "nixos-rocm",
        "repo": "nixos-rocm",
        "type": "github"
      }
    },
    "root": {
      "inputs": {
        "binja": "binja",
        "cachix": "cachix",
        "darwin": "darwin",
        "deploy-rs": "deploy-rs",
        "emacs": "emacs",
        "fishcgi": "fishcgi",
        "home-manager": "home-manager",
        "nixpkgs": [
          "unstable"
        ],
        "rocm": "rocm",
        "sops-nix": "sops-nix",
        "speedy": "speedy",
        "unstable": "unstable"
      }
    },
    "sops-nix": {
      "inputs": {
        "nixpkgs": [
          "nixpkgs"
        ]
      },
      "locked": {
        "lastModified": 1624186328,
        "narHash": "sha256-F7IqV1x4QoDToHtQ45BSt2upMtJ671SMWA6DAZSArcM=",
        "owner": "knownunown",
        "repo": "sops-nix",
        "rev": "e38bee392a5d97e192a198ad5a0f765d7cf8b9b5",
        "type": "github"
      },
      "original": {
        "owner": "knownunown",
        "ref": "age-support",
        "repo": "sops-nix",
        "type": "github"
      }
    },
    "speedy": {
      "inputs": {
        "nixpkgs": [
          "nixpkgs"
        ]
      },
      "locked": {
        "narHash": "sha256-kSbQMVSWR/8YrkqEfyNM5R6gRm/VskeFk4OjT19ZrNI=",
        "path": "/home/tny/dev/speedy",
        "type": "path"
      },
      "original": {
        "path": "/home/tny/dev/speedy",
        "type": "path"
      }
    },
    "unstable": {
      "locked": {
        "lastModified": 1623176226,
        "narHash": "sha256-54a9uvHlIlK3i0b36HfGMc4zqM0BpMOOiFYBxEhQFK8=",
        "owner": "NixOS",
        "repo": "nixpkgs",
        "rev": "51bb9f3e9ab6161a3bf7746e20b955712cef618b",
        "type": "github"
      },
      "original": {
        "id": "nixpkgs",
        "ref": "nixpkgs-unstable",
        "type": "indirect"
      }
    },
    "utils": {
      "locked": {
        "lastModified": 1614513358,
        "narHash": "sha256-LakhOx3S1dRjnh0b5Dg3mbZyH0ToC9I8Y2wKSkBaTzU=",
        "owner": "numtide",
        "repo": "flake-utils",
        "rev": "5466c5bbece17adaab2d82fae80b46e807611bf3",
        "type": "github"
      },
      "original": {
        "owner": "numtide",
        "repo": "flake-utils",
        "type": "github"
      }
    },
    "utils_2": {
      "locked": {
        "lastModified": 1622445595,
        "narHash": "sha256-m+JRe6Wc5OZ/mKw2bB3+Tl0ZbtyxxxfnAWln8Q5qs+Y=",
        "owner": "numtide",
        "repo": "flake-utils",
        "rev": "7d706970d94bc5559077eb1a6600afddcd25a7c8",
        "type": "github"
      },
      "original": {
        "owner": "numtide",
        "repo": "flake-utils",
        "type": "github"
      }
    }
  },
  "root": "root",
  "version": 7
}
